
Microsoft Visual Studio Solution File, Format Version 12.00
# Visual Studio Version 17
VisualStudioVersion = 17.12.35424.110 d17.12
MinimumVisualStudioVersion = 10.0.40219.1
Project("{FAE04EC0-301F-11D3-BF4B-00C04F79EFBC}") = "Emarketing", "Emarketing\Emarketing.csproj", "{FD81BB70-1ABC-4C56-8023-A0E001D8CF94}"
EndProject
Global
	GlobalSection(SolutionConfigurationPlatforms) = preSolution
		Debug|Any CPU = Debug|Any CPU
		Release|Any CPU = Release|Any CPU
	EndGlobalSection
	GlobalSection(ProjectConfigurationPlatforms) = postSolution
		{FD81BB70-1ABC-4C56-8023-A0E001D8CF94}.Debug|Any CPU.ActiveCfg = Debug|Any CPU
		{FD81BB70-1ABC-4C56-8023-A0E001D8CF94}.Debug|Any CPU.Build.0 = Debug|Any CPU
		{FD81BB70-1ABC-4C56-8023-A0E001D8CF94}.Release|Any CPU.ActiveCfg = Release|Any CPU
		{FD81BB70-1ABC-4C56-8023-A0E001D8CF94}.Release|Any CPU.Build.0 = Release|Any CPU
	EndGlobalSection
	GlobalSection(SolutionProperties) = preSolution
		HideSolutionNode = FALSE
	EndGlobalSection
EndGlobal
